
Microsoft Visual Studio Solution File, Format Version 12.00
# Visual Studio Version 17
VisualStudioVersion = 17.11.35303.130
MinimumVisualStudioVersion = 10.0.40219.1
Project("{FAE04EC0-301F-11D3-BF4B-00C04F79EFBC}") = "weddeberekening2", "weddeberekening2\weddeberekening2.csproj", "{D877462E-77BA-4F9D-93C0-A94F5FA1515D}"
EndProject
Global
	GlobalSection(SolutionConfigurationPlatforms) = preSolution
		Debug|Any CPU = Debug|Any CPU
		Release|Any CPU = Release|Any CPU
	EndGlobalSection
	GlobalSection(ProjectConfigurationPlatforms) = postSolution
		{D877462E-77BA-4F9D-93C0-A94F5FA1515D}.Debug|Any CPU.ActiveCfg = Debug|Any CPU
		{D877462E-77BA-4F9D-93C0-A94F5FA1515D}.Debug|Any CPU.Build.0 = Debug|Any CPU
		{D877462E-77BA-4F9D-93C0-A94F5FA1515D}.Release|Any CPU.ActiveCfg = Release|Any CPU
		{D877462E-77BA-4F9D-93C0-A94F5FA1515D}.Release|Any CPU.Build.0 = Release|Any CPU
	EndGlobalSection
	GlobalSection(SolutionProperties) = preSolution
		HideSolutionNode = FALSE
	EndGlobalSection
	GlobalSection(ExtensibilityGlobals) = postSolution
		SolutionGuid = {E9C1505B-9B11-43C4-A2A9-F626A68B169E}
	EndGlobalSection
EndGlobal
